
Microsoft Visual Studio Solution File, Format Version 12.00
# Visual Studio Version 16
VisualStudioVersion = 16.0.810.17
MinimumVisualStudioVersion = 10.0.40219.1
Project("{FAE04EC0-301F-11D3-BF4B-00C04F79EFBC}") = "Versionamento", "Versionamento\Versionamento.csproj", "{BCD956CA-FF47-4BFB-A21E-C549372D3A9A}"
EndProject
Global
	GlobalSection(SolutionConfigurationPlatforms) = preSolution
		Debug|Any CPU = Debug|Any CPU
		Release|Any CPU = Release|Any CPU
	EndGlobalSection
	GlobalSection(ProjectConfigurationPlatforms) = postSolution
		{BCD956CA-FF47-4BFB-A21E-C549372D3A9A}.Debug|Any CPU.ActiveCfg = Debug|Any CPU
		{BCD956CA-FF47-4BFB-A21E-C549372D3A9A}.Debug|Any CPU.Build.0 = Debug|Any CPU
		{BCD956CA-FF47-4BFB-A21E-C549372D3A9A}.Release|Any CPU.ActiveCfg = Release|Any CPU
		{BCD956CA-FF47-4BFB-A21E-C549372D3A9A}.Release|Any CPU.Build.0 = Release|Any CPU
	EndGlobalSection
	GlobalSection(SolutionProperties) = preSolution
		HideSolutionNode = FALSE
	EndGlobalSection
	GlobalSection(ExtensibilityGlobals) = postSolution
		SolutionGuid = {B282462A-8009-4A4F-9239-B025C81FFBD0}
	EndGlobalSection
EndGlobal
